#
# This file is autogenerated by pip-compile with Python 3.11
# by the following command:
#
#    pip-compile --extra=dev --extra=object-store --extra=orchestration --output-file=requirements.lock pyproject.toml
#
aiobotocore==3.7.0
    # via s3fs
aiohappyeyeballs==2.7.1
    # via aiohttp
aiohttp==3.14.1
    # via
    #   aiobotocore
    #   s3fs
aioitertools==0.13.0
    # via aiobotocore
aiosignal==1.4.0
    # via aiohttp
aiosqlite==0.22.1
    # via prefect
akshare==1.18.64
    # via ashare-ai-research (pyproject.toml)
alembic==1.18.5
    # via
    #   ashare-ai-research (pyproject.toml)
    #   prefect
amplitude-analytics==1.2.3
    # via prefect
annotated-doc==0.0.4
    # via
    #   fastapi
    #   typer
annotated-types==0.7.0
    # via pydantic
anyio==4.14.2
    # via
    #   httpx
    #   prefect
    #   starlette
    #   watchfiles
apprise==1.12.0
    # via prefect
argon2-cffi==25.1.0
    # via ashare-ai-research (pyproject.toml)
argon2-cffi-bindings==25.1.0
    # via argon2-cffi
asgi-lifespan==2.1.0
    # via prefect
asyncpg==0.31.0
    # via prefect
attrs==26.1.0
    # via
    #   aiohttp
    #   cyclopts
    #   jsonschema
    #   referencing
beartype==0.22.9
    # via py-key-value-aio
beautifulsoup4==4.15.0
    # via
    #   akshare
    #   bs4
boto3==1.42.90
    # via ashare-ai-research (pyproject.toml)
botocore==1.42.97
    # via
    #   aiobotocore
    #   boto3
    #   s3transfer
bs4==0.0.2
    # via tushare
burner-redis==0.1.7
    # via pydocket
cachetools==7.1.4
    # via
    #   prefect
    #   py-key-value-aio
certifi==2026.6.17
    # via
    #   apprise
    #   curl-cffi
    #   httpcore
    #   httpx
    #   requests
cffi==2.1.0
    # via
    #   argon2-cffi-bindings
    #   cryptography
    #   curl-cffi
charset-normalizer==3.4.9
    # via requests
click==8.4.2
    # via
    #   apprise
    #   prefect
    #   uvicorn
cloudpickle==3.1.2
    # via
    #   prefect
    #   pydocket
colorama==0.4.6
    # via
    #   click
    #   griffecli
    #   pytest
    #   tqdm
    #   typer
coolname==5.0.0
    # via prefect
coverage[toml]==7.15.1
    # via pytest-cov
cronsim==2.7
    # via pydocket
cryptography==50.0.0
    # via
    #   ashare-ai-research (pyproject.toml)
    #   prefect
curl-cffi==0.15.0
    # via akshare
cyclopts==4.21.0
    # via prefect
dateparser==1.4.1
    # via prefect
decorator==5.3.1
    # via akshare
docker==7.2.0
    # via prefect
docstring-parser==0.18.0
    # via cyclopts
duckdb==1.5.4
    # via ashare-ai-research (pyproject.toml)
et-xmlfile==2.0.0
    # via openpyxl
exceptiongroup==1.3.1
    # via prefect
fastapi==0.139.0
    # via
    #   ashare-ai-research (pyproject.toml)
    #   prefect
freezegun==1.5.5
    # via ashare-ai-research (pyproject.toml)
frozenlist==1.8.0
    # via
    #   aiohttp
    #   aiosignal
fsspec==2026.6.0
    # via
    #   ashare-ai-research (pyproject.toml)
    #   prefect
    #   s3fs
graphviz==0.21
    # via prefect
greenlet==3.5.3
    # via sqlalchemy
griffe==2.1.0
    # via prefect
griffecli==2.1.0
    # via griffe
griffelib==2.1.0
    # via
    #   griffe
    #   griffecli
h11==0.16.0
    # via
    #   httpcore
    #   uvicorn
h2==4.3.0
    # via httpx
hpack==4.2.0
    # via h2
html5lib==1.1
    # via akshare
httpcore==1.0.9
    # via
    #   httpx
    #   prefect
httptools==0.8.0
    # via uvicorn
httpx[http2]==0.28.1
    # via
    #   ashare-ai-research (pyproject.toml)
    #   prefect
    #   respx
humanize==4.16.0
    # via
    #   jinja2-humanize-extension
    #   prefect
hyperframe==6.1.0
    # via h2
hypothesis==6.156.6
    # via ashare-ai-research (pyproject.toml)
idna==3.18
    # via
    #   anyio
    #   httpx
    #   requests
    #   yarl
iniconfig==2.3.0
    # via pytest
jinja2==3.1.6
    # via
    #   ashare-ai-research (pyproject.toml)
    #   jinja2-humanize-extension
    #   prefect
jinja2-humanize-extension==0.4.0
    # via prefect
jmespath==1.1.0
    # via
    #   aiobotocore
    #   boto3
    #   botocore
jsonpatch==1.33
    # via prefect
jsonpath==0.82.2
    # via akshare
jsonpointer==3.1.1
    # via jsonpatch
jsonschema==4.26.0
    # via prefect
jsonschema-specifications==2025.9.1
    # via jsonschema
librt==0.13.0
    # via mypy
lxml==6.1.1
    # via
    #   akshare
    #   tushare
mako==1.3.12
    # via alembic
markdown==3.10.2
    # via apprise
markdown-it-py==4.2.0
    # via rich
markupsafe==3.0.3
    # via
    #   jinja2
    #   mako
mdurl==0.1.2
    # via markdown-it-py
mini-racer==0.14.1
    # via akshare
multidict==6.7.1
    # via
    #   aiobotocore
    #   aiohttp
    #   yarl
mypy==1.20.2
    # via ashare-ai-research (pyproject.toml)
mypy-extensions==1.1.0
    # via mypy
numpy==2.4.6
    # via
    #   ashare-ai-research (pyproject.toml)
    #   pandas
    #   scipy
oauthlib==3.3.1
    # via requests-oauthlib
openpyxl==3.1.5
    # via akshare
opentelemetry-api==1.43.0
    # via
    #   prefect
    #   pydocket
orjson==3.11.9
    # via
    #   ashare-ai-research (pyproject.toml)
    #   prefect
packaging==26.2
    # via
    #   prefect
    #   pytest
pandas==2.3.3
    # via
    #   akshare
    #   ashare-ai-research (pyproject.toml)
    #   tushare
pathspec==1.1.1
    # via
    #   mypy
    #   prefect
pendulum==3.2.0
    # via prefect
pluggy==1.6.0
    # via
    #   prefect
    #   pytest
    #   pytest-cov
prefect==3.7.8
    # via ashare-ai-research (pyproject.toml)
prometheus-client==0.25.0
    # via
    #   prefect
    #   pydocket
propcache==0.5.2
    # via
    #   aiohttp
    #   yarl
psutil==7.2.2
    # via ashare-ai-research (pyproject.toml)
psycopg[binary]==3.3.4
    # via ashare-ai-research (pyproject.toml)
psycopg-binary==3.3.4
    # via psycopg
py-key-value-aio[memory,redis]==0.4.5
    # via pydocket
pyarrow==23.0.1
    # via ashare-ai-research (pyproject.toml)
pycparser==3.0
    # via cffi
pydantic==2.13.4
    # via
    #   ashare-ai-research (pyproject.toml)
    #   fastapi
    #   prefect
    #   pydantic-extra-types
    #   pydantic-settings
pydantic-core==2.46.4
    # via
    #   prefect
    #   pydantic
pydantic-extra-types==2.11.1
    # via prefect
pydantic-settings==2.14.2
    # via
    #   ashare-ai-research (pyproject.toml)
    #   prefect
pydocket==0.23.0
    # via prefect
pygments==2.20.0
    # via
    #   pytest
    #   rich
    #   rich-rst
pyjwt==2.13.0
    # via redis
pytest==9.1.1
    # via
    #   ashare-ai-research (pyproject.toml)
    #   pytest-asyncio
    #   pytest-cov
pytest-asyncio==1.4.0
    # via ashare-ai-research (pyproject.toml)
pytest-cov==6.3.0
    # via ashare-ai-research (pyproject.toml)
python-dateutil==2.9.0.post0
    # via
    #   aiobotocore
    #   botocore
    #   dateparser
    #   freezegun
    #   pandas
    #   pendulum
    #   prefect
python-dotenv==1.2.2
    # via
    #   pydantic-settings
    #   uvicorn
python-json-logger==4.1.0
    # via pydocket
python-multipart==0.0.32
    # via ashare-ai-research (pyproject.toml)
python-slugify==8.0.4
    # via prefect
pytz==2026.2
    # via
    #   dateparser
    #   pandas
    #   prefect
pywin32==312
    # via docker
pyyaml==6.0.3
    # via
    #   apprise
    #   prefect
    #   uvicorn
readchar==4.2.2
    # via prefect
redis==5.3.1
    # via
    #   ashare-ai-research (pyproject.toml)
    #   py-key-value-aio
    #   pydocket
referencing==0.37.0
    # via
    #   jsonschema
    #   jsonschema-specifications
regex==2026.7.10
    # via dateparser
requests==2.34.2
    # via
    #   akshare
    #   apprise
    #   docker
    #   requests-oauthlib
    #   tushare
requests-oauthlib==2.0.0
    # via apprise
respx==0.23.1
    # via ashare-ai-research (pyproject.toml)
rfc3339-validator==0.1.4
    # via prefect
rich==15.0.0
    # via
    #   curl-cffi
    #   cyclopts
    #   prefect
    #   pydocket
    #   rich-rst
    #   typer
rich-rst==2.1.0
    # via cyclopts
rpds-py==2026.6.3
    # via
    #   jsonschema
    #   referencing
ruamel-yaml==0.19.1
    # via prefect
ruamel-yaml-clib==0.2.15
    # via prefect
ruff==0.15.21
    # via ashare-ai-research (pyproject.toml)
s3fs==2026.6.0
    # via ashare-ai-research (pyproject.toml)
s3transfer==0.16.1
    # via boto3
scipy==1.17.1
    # via ashare-ai-research (pyproject.toml)
semver==3.0.4
    # via prefect
shellingham==1.5.4
    # via typer
simplejson==4.1.1
    # via tushare
six==1.17.0
    # via
    #   html5lib
    #   python-dateutil
    #   rfc3339-validator
sniffio==1.3.1
    # via
    #   asgi-lifespan
    #   prefect
sortedcontainers==2.4.0
    # via hypothesis
soupsieve==2.8.4
    # via beautifulsoup4
sqlalchemy[asyncio]==2.0.51
    # via
    #   alembic
    #   ashare-ai-research (pyproject.toml)
    #   prefect
starlette==1.3.1
    # via
    #   fastapi
    #   prefect
structlog==25.5.0
    # via ashare-ai-research (pyproject.toml)
tabulate==0.10.0
    # via akshare
tenacity==9.1.4
    # via ashare-ai-research (pyproject.toml)
text-unidecode==1.3
    # via python-slugify
toml==0.10.2
    # via prefect
tqdm==4.68.4
    # via
    #   akshare
    #   tushare
tushare==1.4.29
    # via ashare-ai-research (pyproject.toml)
typer==0.26.8
    # via pydocket
types-psutil==7.2.2.20260518
    # via ashare-ai-research (pyproject.toml)
typing-extensions==4.16.0
    # via
    #   aiohttp
    #   aiosignal
    #   alembic
    #   anyio
    #   beautifulsoup4
    #   exceptiongroup
    #   fastapi
    #   mypy
    #   opentelemetry-api
    #   prefect
    #   psycopg
    #   py-key-value-aio
    #   pydantic
    #   pydantic-core
    #   pydantic-extra-types
    #   pydocket
    #   pytest-asyncio
    #   referencing
    #   sqlalchemy
    #   starlette
    #   typing-inspection
typing-inspection==0.4.2
    # via
    #   fastapi
    #   pydantic
    #   pydantic-settings
tzdata==2026.3
    # via
    #   apprise
    #   ashare-ai-research (pyproject.toml)
    #   pandas
    #   pendulum
    #   psycopg
    #   pydocket
    #   tzlocal
tzlocal==5.4.4
    # via dateparser
uncalled-for==0.3.2
    # via pydocket
urllib3==2.7.0
    # via
    #   akshare
    #   botocore
    #   docker
    #   requests
uvicorn[standard]==0.51.0
    # via
    #   ashare-ai-research (pyproject.toml)
    #   prefect
watchfiles==1.2.0
    # via uvicorn
webencodings==0.5.1
    # via html5lib
websocket-client==1.9.0
    # via tushare
websockets==16.1
    # via
    #   prefect
    #   uvicorn
wrapt==2.2.2
    # via aiobotocore
xlrd==2.0.2
    # via akshare
yarl==1.24.2
    # via aiohttp
