#
# This file is autogenerated by pip-compile with Python 3.11
# by the following command:
#
#    pip-compile --no-emit-index-url --output-file=linux/native-control-center/requirements.console.lock linux/native-control-center/requirements.console.in
#
pillow==12.3.0
    # via
    #   -r linux/native-control-center/requirements.console.in
    #   pystray
pystray==0.19.5
    # via -r linux/native-control-center/requirements.console.in
python-xlib==0.33
    # via pystray
six==1.17.0
    # via pystray
